
Microsoft Visual Studio Solution File, Format Version 12.00
# Visual Studio Version 17
VisualStudioVersion = 17.6.33829.357
MinimumVisualStudioVersion = 10.0.40219.1
Project("{2150E333-8FDC-42A3-9474-1A3956D46DE8}") = "1 - UI", "1 - UI", "{8ADBF2F2-FDBE-44C0-9438-E247E3BE99A5}"
EndProject
Project("{2150E333-8FDC-42A3-9474-1A3956D46DE8}") = "2 - Bussiness", "2 - Bussiness", "{441DCA2D-0443-4E3F-9872-7AED61AF5BBB}"
EndProject
Project("{2150E333-8FDC-42A3-9474-1A3956D46DE8}") = "3 - Persistence", "3 - Persistence", "{AC4198A6-BFCE-4C46-9116-402AB298E519}"
EndProject
Project("{2150E333-8FDC-42A3-9474-1A3956D46DE8}") = "4 - Shared", "4 - Shared", "{76770F71-65D2-4034-8666-8AD9F49E9273}"
EndProject
Project("{FAE04EC0-301F-11D3-BF4B-00C04F79EFBC}") = "Carriage.Models", "Carriage.Models\Carriage.Models.csproj", "{632F7EB1-08D4-41BF-ADA2-EF8DC78A7579}"
EndProject
Project("{FAE04EC0-301F-11D3-BF4B-00C04F79EFBC}") = "Carriage.Repository", "Carriage.Repository\Carriage.Repository.csproj", "{1DA0F09D-0BFF-4DBC-BF24-0AA104A6CBF7}"
EndProject
Project("{FAE04EC0-301F-11D3-BF4B-00C04F79EFBC}") = "Carriage.Services", "Carriage.Services\Carriage.Services.csproj", "{2258100D-73C7-4B48-816A-A9338DB96067}"
EndProject
Project("{FAE04EC0-301F-11D3-BF4B-00C04F79EFBC}") = "Carriage.MVC", "Carriage.Web\Carriage.MVC.csproj", "{352812BA-38BA-4EB1-A6DC-D552B0C662AB}"
EndProject
Global
	GlobalSection(SolutionConfigurationPlatforms) = preSolution
		Debug|Any CPU = Debug|Any CPU
		Release|Any CPU = Release|Any CPU
	EndGlobalSection
	GlobalSection(ProjectConfigurationPlatforms) = postSolution
		{632F7EB1-08D4-41BF-ADA2-EF8DC78A7579}.Debug|Any CPU.ActiveCfg = Debug|Any CPU
		{632F7EB1-08D4-41BF-ADA2-EF8DC78A7579}.Debug|Any CPU.Build.0 = Debug|Any CPU
		{632F7EB1-08D4-41BF-ADA2-EF8DC78A7579}.Release|Any CPU.ActiveCfg = Release|Any CPU
		{632F7EB1-08D4-41BF-ADA2-EF8DC78A7579}.Release|Any CPU.Build.0 = Release|Any CPU
		{1DA0F09D-0BFF-4DBC-BF24-0AA104A6CBF7}.Debug|Any CPU.ActiveCfg = Debug|Any CPU
		{1DA0F09D-0BFF-4DBC-BF24-0AA104A6CBF7}.Debug|Any CPU.Build.0 = Debug|Any CPU
		{1DA0F09D-0BFF-4DBC-BF24-0AA104A6CBF7}.Release|Any CPU.ActiveCfg = Release|Any CPU
		{1DA0F09D-0BFF-4DBC-BF24-0AA104A6CBF7}.Release|Any CPU.Build.0 = Release|Any CPU
		{2258100D-73C7-4B48-816A-A9338DB96067}.Debug|Any CPU.ActiveCfg = Debug|Any CPU
		{2258100D-73C7-4B48-816A-A9338DB96067}.Debug|Any CPU.Build.0 = Debug|Any CPU
		{2258100D-73C7-4B48-816A-A9338DB96067}.Release|Any CPU.ActiveCfg = Release|Any CPU
		{2258100D-73C7-4B48-816A-A9338DB96067}.Release|Any CPU.Build.0 = Release|Any CPU
		{352812BA-38BA-4EB1-A6DC-D552B0C662AB}.Debug|Any CPU.ActiveCfg = Debug|Any CPU
		{352812BA-38BA-4EB1-A6DC-D552B0C662AB}.Debug|Any CPU.Build.0 = Debug|Any CPU
		{352812BA-38BA-4EB1-A6DC-D552B0C662AB}.Release|Any CPU.ActiveCfg = Release|Any CPU
		{352812BA-38BA-4EB1-A6DC-D552B0C662AB}.Release|Any CPU.Build.0 = Release|Any CPU
	EndGlobalSection
	GlobalSection(SolutionProperties) = preSolution
		HideSolutionNode = FALSE
	EndGlobalSection
	GlobalSection(NestedProjects) = preSolution
		{632F7EB1-08D4-41BF-ADA2-EF8DC78A7579} = {76770F71-65D2-4034-8666-8AD9F49E9273}
		{1DA0F09D-0BFF-4DBC-BF24-0AA104A6CBF7} = {AC4198A6-BFCE-4C46-9116-402AB298E519}
		{2258100D-73C7-4B48-816A-A9338DB96067} = {441DCA2D-0443-4E3F-9872-7AED61AF5BBB}
		{352812BA-38BA-4EB1-A6DC-D552B0C662AB} = {8ADBF2F2-FDBE-44C0-9438-E247E3BE99A5}
	EndGlobalSection
	GlobalSection(ExtensibilityGlobals) = postSolution
		SolutionGuid = {4935AFE1-3508-4F0A-84B4-1D6ECB9F2B7A}
	EndGlobalSection
EndGlobal
